{
  "nodes": {
    "nixpkgs": {
      "locked": {
        "lastModified": 1781577229,
        "narHash": "sha256-lrp67w8AulE9Ks53n27I45ADSzbOCn4H+CNW1Ck8B+8=",
        "owner": "NixOS",
        "repo": "nixpkgs",
        "rev": "567a49d1913ce81ac6e9582e3553dd90a955875f",
        "type": "github"
      },
      "original": {
        "owner": "NixOS",
        "ref": "nixos-unstable",
        "repo": "nixpkgs",
        "type": "github"
      }
    },
    "oxitest": {
      "inputs": {
        "nixpkgs": [
          "nixpkgs"
        ]
      },
      "locked": {
        "lastModified": 1784794172,
        "narHash": "sha256-OFWlZ/QtpFF0kR8SobGbKux6NRIva6tBKZ1cjX9iF0w=",
        "owner": "kalonji-tools",
        "repo": "oxitest",
        "rev": "bf6aefce41c28b218cb8c86d15d37956fa965e8e",
        "type": "github"
      },
      "original": {
        "owner": "kalonji-tools",
        "repo": "oxitest",
        "type": "github"
      }
    },
    "root": {
      "inputs": {
        "nixpkgs": "nixpkgs",
        "oxitest": "oxitest"
      }
    }
  },
  "root": "root",
  "version": 7
}
